
Microsoft Visual Studio Solution File, Format Version 12.00
# Visual Studio Version 17
VisualStudioVersion = 17.5.002.0
MinimumVisualStudioVersion = 10.0.40219.1
Project("{2150E333-8FDC-42A3-9474-1A3956D46DE8}") = "DAY 1", "DAY 1", "{D79F0EDC-1C4D-46BA-A31C-354DA524A172}"
EndProject
Project("{FAE04EC0-301F-11D3-BF4B-00C04F79EFBC}") = "1-ExampleReferenceType1", "ExampleStorageType\ExampleStorageType.csproj", "{F0A20290-76D2-4EEB-86D4-4CF888828FBF}"
EndProject
Project("{FAE04EC0-301F-11D3-BF4B-00C04F79EFBC}") = "2-ExampleValueType1", "2-ExampleValueType1\2-ExampleValueType1.csproj", "{F04EFE38-A1EA-4264-AA43-6AA87F4EAABD}"
EndProject
Project("{FAE04EC0-301F-11D3-BF4B-00C04F79EFBC}") = "3-ExampleReferenceType2", "3-ExampleReferenceType2\3-ExampleReferenceType2.csproj", "{10A3EF8B-ADFD-431E-926E-CF9D4D5228A9}"
EndProject
Project("{FAE04EC0-301F-11D3-BF4B-00C04F79EFBC}") = "1-ExampleReferenceType", "1-ExampleReferenceType\1-ExampleReferenceType.csproj", "{5D9AC78D-6284-45CE-BE20-8D79B8C38D1B}"
EndProject
Project("{FAE04EC0-301F-11D3-BF4B-00C04F79EFBC}") = "4-ExampleReferenType3", "4-ExampleReferenType3\4-ExampleReferenType3.csproj", "{1D4421B9-B1E7-4920-8641-DBC3633BD55D}"
EndProject
Project("{FAE04EC0-301F-11D3-BF4B-00C04F79EFBC}") = "5-ReferenceType-String", "5-ReferenceType-String\5-ReferenceType-String.csproj", "{21F39886-6000-47DB-AFEB-0A5A2B3443F8}"
EndProject
Project("{FAE04EC0-301F-11D3-BF4B-00C04F79EFBC}") = "6-Abstraction-1", "6-Abstraction-1\6-Abstraction-1.csproj", "{2BC9174D-1611-40D0-B6F5-0A11F72DA39D}"
EndProject
Project("{FAE04EC0-301F-11D3-BF4B-00C04F79EFBC}") = "7-PolymorphismBase", "7-PolymorphismBase\7-PolymorphismBase.csproj", "{A8D6EED2-5A71-403C-9D32-7D1A2ABCEAD0}"
EndProject
Project("{FAE04EC0-301F-11D3-BF4B-00C04F79EFBC}") = "Question1-Abstraction", "Question1-Abstraction\Question1-Abstraction.csproj", "{735A0638-377B-4BD1-8482-B9434A16A213}"
EndProject
Project("{FAE04EC0-301F-11D3-BF4B-00C04F79EFBC}") = "Question2-Abstraction", "Question2-Abstraction\Question2-Abstraction.csproj", "{D4C89618-00E6-4EC4-A279-242F7F6108BD}"
EndProject
Project("{FAE04EC0-301F-11D3-BF4B-00C04F79EFBC}") = "Question3-Abstraction", "Question3-Abstraction\Question3-Abstraction.csproj", "{F51E715E-B820-4455-A4BE-363CD810AA55}"
EndProject
Project("{FAE04EC0-301F-11D3-BF4B-00C04F79EFBC}") = "Question4-Abstraction", "Question4-Abstraction\Question4-Abstraction.csproj", "{E51E15A3-AE0F-4133-A419-0C2AE33D22AF}"
EndProject
Project("{FAE04EC0-301F-11D3-BF4B-00C04F79EFBC}") = "8-Interface", "8-Interface\8-Interface.csproj", "{03530564-D42A-407D-AC04-EBC7140E4197}"
EndProject
Project("{2150E333-8FDC-42A3-9474-1A3956D46DE8}") = "Day 5", "Day 5", "{EAD079E0-8B6D-4BF4-B374-3177366427A7}"
EndProject
Project("{FAE04EC0-301F-11D3-BF4B-00C04F79EFBC}") = "Coba-minggu2", "Coba-minggu2\Coba-minggu2.csproj", "{06B457DF-A25F-4C43-8101-7BBB1A0B4767}"
EndProject
Project("{FAE04EC0-301F-11D3-BF4B-00C04F79EFBC}") = "1-Property", "1-Property\1-Property.csproj", "{C78A17BD-B3A5-42A0-A53C-3B6B12BDFA12}"
EndProject
Project("{FAE04EC0-301F-11D3-BF4B-00C04F79EFBC}") = "2-ContohProperti", "2-ContohProperti\2-ContohProperti.csproj", "{3293F020-5646-48E4-BF98-73AABCC52D36}"
EndProject
Project("{FAE04EC0-301F-11D3-BF4B-00C04F79EFBC}") = "3-ContohPropertiPrivateSet", "3-ContohPropertiPrivateSet\3-ContohPropertiPrivateSet.csproj", "{B3DD982A-4658-4B66-835A-AFF2371975FA}"
EndProject
Project("{FAE04EC0-301F-11D3-BF4B-00C04F79EFBC}") = "4-ConvertNumber", "4-ConvertNumber\4-ConvertNumber.csproj", "{7015B74B-33E8-4255-9C9F-E52DB987F8A4}"
EndProject
Project("{FAE04EC0-301F-11D3-BF4B-00C04F79EFBC}") = "5-Casting", "5-Casting\5-Casting.csproj", "{252EB6AF-4FB9-4688-BF74-BC6712616807}"
EndProject
Project("{FAE04EC0-301F-11D3-BF4B-00C04F79EFBC}") = "6-Comparison", "6-Comparison\6-Comparison.csproj", "{03998763-7C9E-46B2-A60E-2F10C6059BCB}"
EndProject
Project("{FAE04EC0-301F-11D3-BF4B-00C04F79EFBC}") = "7-Static-1", "7-Static-1\7-Static-1.csproj", "{D9750AB7-CF79-4B03-94C4-5B13E0B722C8}"
EndProject
Project("{FAE04EC0-301F-11D3-BF4B-00C04F79EFBC}") = "8-StaticCalculator", "8-StaticCalculator\8-StaticCalculator.csproj", "{42DCB369-E7E4-41FE-A2E8-48BF80C8BC19}"
EndProject
Project("{FAE04EC0-301F-11D3-BF4B-00C04F79EFBC}") = "9-String", "9-String\9-String.csproj", "{18739A8C-BAD0-47ED-A2EE-8124B330270D}"
EndProject
Project("{FAE04EC0-301F-11D3-BF4B-00C04F79EFBC}") = "10-StringBuilder", "10-StringBuilder\10-StringBuilder.csproj", "{C78F18B2-F0FD-4DDB-97BA-62B75A65810A}"
EndProject
Project("{FAE04EC0-301F-11D3-BF4B-00C04F79EFBC}") = "11-Var", "11-Var\11-Var.csproj", "{7573F43E-C251-4D58-9D79-1DF6B788ACB1}"
EndProject
Project("{FAE04EC0-301F-11D3-BF4B-00C04F79EFBC}") = "12-Object", "12-Object\12-Object.csproj", "{55EEB777-87B4-4BB8-B6A0-BDE07CC90DD4}"
EndProject
Project("{FAE04EC0-301F-11D3-BF4B-00C04F79EFBC}") = "13-TypeCheck", "13-TypeCheck\13-TypeCheck.csproj", "{D45F69FD-B550-4567-8DD9-0F317085074F}"
EndProject
Project("{2150E333-8FDC-42A3-9474-1A3956D46DE8}") = "Day 6", "Day 6", "{C837314F-28E2-4CBD-91F4-30FE975217FC}"
EndProject
Project("{FAE04EC0-301F-11D3-BF4B-00C04F79EFBC}") = "14-PatternMatching", "14-PatternMatching\14-PatternMatching.csproj", "{7A8C8144-39E1-4B41-864B-169A2743153A}"
EndProject
Project("{FAE04EC0-301F-11D3-BF4B-00C04F79EFBC}") = "15-Dynamic", "15-Dynamic\15-Dynamic.csproj", "{243D11F5-4365-40AD-9308-875E7C96FFB4}"
EndProject
Project("{FAE04EC0-301F-11D3-BF4B-00C04F79EFBC}") = "1-Generic", "1-Generic\1-Generic.csproj", "{D0AE16B8-0FF0-4280-82F2-5DC65352CF4B}"
EndProject
Project("{FAE04EC0-301F-11D3-BF4B-00C04F79EFBC}") = "2-Penjumlah", "2-Penjumlah\2-Penjumlah.csproj", "{6DE97504-8A8F-41FB-B157-3CB2C71E5B83}"
EndProject
Project("{FAE04EC0-301F-11D3-BF4B-00C04F79EFBC}") = "3-GenericCalc-2", "3-GenericCalc-2\3-GenericCalc-2.csproj", "{B113D65A-D0E1-41AF-9DED-72056880ED0F}"
EndProject
Project("{FAE04EC0-301F-11D3-BF4B-00C04F79EFBC}") = "4-OperatorOverloading", "4-OperatorOverloading\4-OperatorOverloading.csproj", "{5CEE33A0-9837-4F25-B8EE-485ED5A940AC}"
EndProject
Project("{FAE04EC0-301F-11D3-BF4B-00C04F79EFBC}") = "5- OperatorOverloading2", "5- OperatorOverloading2\5- OperatorOverloading2.csproj", "{08433D5C-5482-4D29-B802-E136D66F2762}"
EndProject
Project("{FAE04EC0-301F-11D3-BF4B-00C04F79EFBC}") = "6-ContohPublisherSubscriber", "6-Delegate\6-Delegate.csproj", "{184D3C31-1D5C-48C4-B003-3720B34F6E88}"
EndProject
Project("{FAE04EC0-301F-11D3-BF4B-00C04F79EFBC}") = "6-ContohPubsandSubs", "6-ContohPubsandSubs\6-ContohPubsandSubs.csproj", "{66E10888-30F4-4CEF-B087-B25E4E93F21E}"
EndProject
Project("{FAE04EC0-301F-11D3-BF4B-00C04F79EFBC}") = "7-DelegatePubsAndSubs", "7-DelegatePubsAndSubs\7-DelegatePubsAndSubs.csproj", "{A292A57D-AC55-4B2E-987F-F6A6AF78C7A2}"
EndProject
Project("{FAE04EC0-301F-11D3-BF4B-00C04F79EFBC}") = "8-DelegateExample", "8-DelegateExample\8-DelegateExample.csproj", "{6476375B-1D33-4E49-BEE8-FA80763C5394}"
EndProject
Project("{FAE04EC0-301F-11D3-BF4B-00C04F79EFBC}") = "9-DelegateMulticast", "9-DelegateMulticast\9-DelegateMulticast.csproj", "{1757AF2C-7BE0-494B-B3D9-11EF43A76745}"
EndProject
Project("{2150E333-8FDC-42A3-9474-1A3956D46DE8}") = "Day 7", "Day 7", "{5178AAE3-099D-4981-9C7D-7B6017A33ADD}"
EndProject
Project("{FAE04EC0-301F-11D3-BF4B-00C04F79EFBC}") = "1-Delegate-1", "1-Delegate-1\1-Delegate-1.csproj", "{8F21E3F4-1631-467A-9AEC-5C326490FC8C}"
EndProject
Project("{FAE04EC0-301F-11D3-BF4B-00C04F79EFBC}") = "3-DelegateExercise", "3-DelegateExercise\3-DelegateExercise.csproj", "{695C6F8A-3D13-4CD3-8725-5D7C55D13AA9}"
EndProject
Project("{FAE04EC0-301F-11D3-BF4B-00C04F79EFBC}") = "4-Action", "4-Action\4-Action.csproj", "{AFBCDDFF-4B64-453D-9D5C-849CF7C3B3E9}"
EndProject
Project("{FAE04EC0-301F-11D3-BF4B-00C04F79EFBC}") = "5-Action2", "5-Action2\5-Action2.csproj", "{377C6DB9-4CB6-4EEB-AE84-CC28D9372E22}"
EndProject
Project("{FAE04EC0-301F-11D3-BF4B-00C04F79EFBC}") = "6-Function", "6-Function\6-Function.csproj", "{54DC4DDD-2D6B-4297-B7CD-02008624D6C7}"
EndProject
Project("{FAE04EC0-301F-11D3-BF4B-00C04F79EFBC}") = "7-AnonymousMethod", "7-AnonymousMethod\7-AnonymousMethod.csproj", "{A55A35E3-FC8E-485E-B854-87804FFB2940}"
EndProject
Project("{FAE04EC0-301F-11D3-BF4B-00C04F79EFBC}") = "8-Array", "8-Array\8-Array.csproj", "{CA9A4D17-674C-4765-8648-2B4550C015D5}"
EndProject
Project("{FAE04EC0-301F-11D3-BF4B-00C04F79EFBC}") = "9-ArrayList", "9-ArrayList\9-ArrayList.csproj", "{931BCF3F-C71F-4438-A3CD-71561A0E7650}"
EndProject
Project("{FAE04EC0-301F-11D3-BF4B-00C04F79EFBC}") = "10-List", "10-List\10-List.csproj", "{55FDDAB9-CE3E-46A0-A07C-B1CB193C4DDD}"
EndProject
Project("{FAE04EC0-301F-11D3-BF4B-00C04F79EFBC}") = "11-HashSetTambahan", "11-HashSetTambahan\11-HashSetTambahan.csproj", "{B9C6A91C-A54C-41D9-85C4-05C2F6407EAC}"
EndProject
Project("{FAE04EC0-301F-11D3-BF4B-00C04F79EFBC}") = "12-Queue", "12-Queue\12-Queue.csproj", "{A8EAE126-0668-4E65-936F-56BE6973C0A3}"
EndProject
Project("{FAE04EC0-301F-11D3-BF4B-00C04F79EFBC}") = "13-Stack", "13-Stack\13-Stack.csproj", "{E4F35A77-E3FC-47E7-9D18-71732DFA95B3}"
EndProject
Project("{FAE04EC0-301F-11D3-BF4B-00C04F79EFBC}") = "14-Dictionary", "14-Dictionary\14-Dictionary.csproj", "{CADBFEA1-B422-4C0E-B4C8-A056C8603DA3}"
EndProject
Project("{FAE04EC0-301F-11D3-BF4B-00C04F79EFBC}") = "A-ReadOnlyVsConst", "A-ReadOnlyVsConst\A-ReadOnlyVsConst.csproj", "{428AC7C2-3E47-47CD-AC3F-E01005643409}"
EndProject
Project("{FAE04EC0-301F-11D3-BF4B-00C04F79EFBC}") = "B-Enum", "B-Enum\B-Enum.csproj", "{73F59104-2998-40A2-A185-4F4058B4C0F1}"
EndProject
Project("{FAE04EC0-301F-11D3-BF4B-00C04F79EFBC}") = "C-Enum2", "C-Enum2\C-Enum2.csproj", "{63055023-2115-48F4-AAC2-E09CF9F8E5EB}"
EndProject
Project("{FAE04EC0-301F-11D3-BF4B-00C04F79EFBC}") = "D-Enum3", "D-Enum3\D-Enum3.csproj", "{370458E7-EA8F-4C41-8542-30B1DB7BB72B}"
EndProject
Project("{2150E333-8FDC-42A3-9474-1A3956D46DE8}") = "Day 8", "Day 8", "{B10EFDCF-8796-43F3-AC24-7A6A38E3C66D}"
EndProject
Project("{2150E333-8FDC-42A3-9474-1A3956D46DE8}") = "Day 9", "Day 9", "{F0D6385B-092C-4491-AEF8-5F5A229AB82B}"
EndProject
Project("{2150E333-8FDC-42A3-9474-1A3956D46DE8}") = "Day 13", "Day 13", "{E44A134C-12DF-49DD-89EA-1F48475FCBF1}"
EndProject
Project("{FAE04EC0-301F-11D3-BF4B-00C04F79EFBC}") = "AA-ContohError", "AA-ContohError\AA-ContohError.csproj", "{B754B175-92C3-45BA-8293-60A447AF326B}"
EndProject
Project("{FAE04EC0-301F-11D3-BF4B-00C04F79EFBC}") = "BB-TryAndCatch", "BB-TryAndCatch\BB-TryAndCatch.csproj", "{73304E99-D7C4-4954-A9E0-7E1D9A641873}"
EndProject
Project("{FAE04EC0-301F-11D3-BF4B-00C04F79EFBC}") = "CC-IfElseForHandlingError", "CC-IfElseForHandlingError\CC-IfElseForHandlingError.csproj", "{6C0753F8-7731-4608-AD4C-A2CF7337EC03}"
EndProject
Project("{FAE04EC0-301F-11D3-BF4B-00C04F79EFBC}") = "DD-Throw", "DD-Throw\DD-Throw.csproj", "{82B891D7-23C3-4CA9-AA34-E0AD87CAD931}"
EndProject
Project("{FAE04EC0-301F-11D3-BF4B-00C04F79EFBC}") = "EE-ContohFormatException", "EE-ContohFormatException\EE-ContohFormatException.csproj", "{7FDEB687-C539-4033-9E40-271C43825283}"
EndProject
Project("{FAE04EC0-301F-11D3-BF4B-00C04F79EFBC}") = "FF-SolutionFormatException", "FF-SolutionFormatException\FF-SolutionFormatException.csproj", "{76FB58A3-92F6-4E74-8420-022B1D94C871}"
EndProject
Project("{FAE04EC0-301F-11D3-BF4B-00C04F79EFBC}") = "GG-ContohDividedByZeroException", "GG-ContohDividedByZeroException\GG-ContohDividedByZeroException.csproj", "{89739983-40A4-4D0D-96E3-37EF5BA7AE5A}"
EndProject
Project("{FAE04EC0-301F-11D3-BF4B-00C04F79EFBC}") = "HH-Catch", "HH-Catch\HH-Catch.csproj", "{75E2055F-A9DE-47E3-87F2-10AF955FE83D}"
EndProject
Project("{FAE04EC0-301F-11D3-BF4B-00C04F79EFBC}") = "II-Catch2", "II-Catch2\II-Catch2.csproj", "{B3B5FF6B-241D-44E1-93DC-1D4F1DC2A4E7}"
EndProject
Project("{FAE04EC0-301F-11D3-BF4B-00C04F79EFBC}") = "JJ-TryCatchFinally", "JJ-TryCatchFinally\JJ-TryCatchFinally.csproj", "{921E69DF-977A-4199-BF72-D7A2D91FF6AC}"
EndProject
Project("{FAE04EC0-301F-11D3-BF4B-00C04F79EFBC}") = "KK-String", "KK-String\KK-String.csproj", "{EEC9D147-1BE0-4B64-939E-C53B3DAF17BC}"
EndProject
Project("{FAE04EC0-301F-11D3-BF4B-00C04F79EFBC}") = "LL-StringBuilder", "LL-StringBuilder\LL-StringBuilder.csproj", "{1FDCCDDC-2414-4C2D-A09A-39D24A644C64}"
EndProject
Project("{FAE04EC0-301F-11D3-BF4B-00C04F79EFBC}") = "A-Finalizers", "A-Finalizers\A-Finalizers.csproj", "{8CD99792-1C23-4207-9D67-2866C9FC9DD4}"
EndProject
Project("{FAE04EC0-301F-11D3-BF4B-00C04F79EFBC}") = "B-LOH", "B-LOH\B-LOH.csproj", "{C80D21A1-5B36-49E3-8610-BBEB452D522D}"
EndProject
Project("{FAE04EC0-301F-11D3-BF4B-00C04F79EFBC}") = "C-FinalizersInheritance", "C-FinalizersInheritance\C-FinalizersInheritance.csproj", "{021666C8-EE89-4AE0-8268-34DE8CB41953}"
EndProject
Project("{FAE04EC0-301F-11D3-BF4B-00C04F79EFBC}") = "D-WithFinalizers", "D-WithFinalizers\D-WithFinalizers.csproj", "{A774EBCA-5232-435B-86E8-8FACEF0606D9}"
EndProject
Project("{FAE04EC0-301F-11D3-BF4B-00C04F79EFBC}") = "E-ClassWithoutFinalizers", "E-ClassWithoutFinalizers\E-ClassWithoutFinalizers.csproj", "{69685E22-C8CE-4496-9FA7-0DC85F20F86D}"
EndProject
Project("{FAE04EC0-301F-11D3-BF4B-00C04F79EFBC}") = "F-Dispose", "F-Dispose\F-Dispose.csproj", "{4BDFADD6-A711-42C5-8E1D-1C677733735B}"
EndProject
Project("{FAE04EC0-301F-11D3-BF4B-00C04F79EFBC}") = "G-Dispose2", "G-Dispose2\G-Dispose2.csproj", "{B0F4265A-9FD9-417D-96BE-076A9DF42262}"
EndProject
Project("{FAE04EC0-301F-11D3-BF4B-00C04F79EFBC}") = "H-Using", "H-Using\H-Using.csproj", "{66BAD957-0303-4407-97CB-9800F8F8B1AE}"
EndProject
Project("{FAE04EC0-301F-11D3-BF4B-00C04F79EFBC}") = "I-ClassPrint", "I-ClassPrint\I-ClassPrint.csproj", "{D2DBA734-BDCF-4ED0-9D35-6ED90936CF08}"
EndProject
Project("{2150E333-8FDC-42A3-9474-1A3956D46DE8}") = "Day 14", "Day 14", "{4E6E3587-BCB9-44D1-8ACE-9C53BA454D49}"
EndProject
Project("{FAE04EC0-301F-11D3-BF4B-00C04F79EFBC}") = "J-ExtensionMethod", "J-ExtensionMethod\J-ExtensionMethod.csproj", "{7A1FE87A-0E51-4D71-8992-BFA9209164CB}"
EndProject
Global
	GlobalSection(SolutionConfigurationPlatforms) = preSolution
		Debug|Any CPU = Debug|Any CPU
		Release|Any CPU = Release|Any CPU
	EndGlobalSection
	GlobalSection(ProjectConfigurationPlatforms) = postSolution
		{F0A20290-76D2-4EEB-86D4-4CF888828FBF}.Debug|Any CPU.ActiveCfg = Debug|Any CPU
		{F0A20290-76D2-4EEB-86D4-4CF888828FBF}.Debug|Any CPU.Build.0 = Debug|Any CPU
		{F0A20290-76D2-4EEB-86D4-4CF888828FBF}.Release|Any CPU.ActiveCfg = Release|Any CPU
		{F0A20290-76D2-4EEB-86D4-4CF888828FBF}.Release|Any CPU.Build.0 = Release|Any CPU
		{F04EFE38-A1EA-4264-AA43-6AA87F4EAABD}.Debug|Any CPU.ActiveCfg = Debug|Any CPU
		{F04EFE38-A1EA-4264-AA43-6AA87F4EAABD}.Debug|Any CPU.Build.0 = Debug|Any CPU
		{F04EFE38-A1EA-4264-AA43-6AA87F4EAABD}.Release|Any CPU.ActiveCfg = Release|Any CPU
		{F04EFE38-A1EA-4264-AA43-6AA87F4EAABD}.Release|Any CPU.Build.0 = Release|Any CPU
		{10A3EF8B-ADFD-431E-926E-CF9D4D5228A9}.Debug|Any CPU.ActiveCfg = Debug|Any CPU
		{10A3EF8B-ADFD-431E-926E-CF9D4D5228A9}.Debug|Any CPU.Build.0 = Debug|Any CPU
		{10A3EF8B-ADFD-431E-926E-CF9D4D5228A9}.Release|Any CPU.ActiveCfg = Release|Any CPU
		{10A3EF8B-ADFD-431E-926E-CF9D4D5228A9}.Release|Any CPU.Build.0 = Release|Any CPU
		{5D9AC78D-6284-45CE-BE20-8D79B8C38D1B}.Debug|Any CPU.ActiveCfg = Debug|Any CPU
		{5D9AC78D-6284-45CE-BE20-8D79B8C38D1B}.Debug|Any CPU.Build.0 = Debug|Any CPU
		{5D9AC78D-6284-45CE-BE20-8D79B8C38D1B}.Release|Any CPU.ActiveCfg = Release|Any CPU
		{5D9AC78D-6284-45CE-BE20-8D79B8C38D1B}.Release|Any CPU.Build.0 = Release|Any CPU
		{1D4421B9-B1E7-4920-8641-DBC3633BD55D}.Debug|Any CPU.ActiveCfg = Debug|Any CPU
		{1D4421B9-B1E7-4920-8641-DBC3633BD55D}.Debug|Any CPU.Build.0 = Debug|Any CPU
		{1D4421B9-B1E7-4920-8641-DBC3633BD55D}.Release|Any CPU.ActiveCfg = Release|Any CPU
		{1D4421B9-B1E7-4920-8641-DBC3633BD55D}.Release|Any CPU.Build.0 = Release|Any CPU
		{21F39886-6000-47DB-AFEB-0A5A2B3443F8}.Debug|Any CPU.ActiveCfg = Debug|Any CPU
		{21F39886-6000-47DB-AFEB-0A5A2B3443F8}.Debug|Any CPU.Build.0 = Debug|Any CPU
		{21F39886-6000-47DB-AFEB-0A5A2B3443F8}.Release|Any CPU.ActiveCfg = Release|Any CPU
		{21F39886-6000-47DB-AFEB-0A5A2B3443F8}.Release|Any CPU.Build.0 = Release|Any CPU
		{2BC9174D-1611-40D0-B6F5-0A11F72DA39D}.Debug|Any CPU.ActiveCfg = Debug|Any CPU
		{2BC9174D-1611-40D0-B6F5-0A11F72DA39D}.Debug|Any CPU.Build.0 = Debug|Any CPU
		{2BC9174D-1611-40D0-B6F5-0A11F72DA39D}.Release|Any CPU.ActiveCfg = Release|Any CPU
		{2BC9174D-1611-40D0-B6F5-0A11F72DA39D}.Release|Any CPU.Build.0 = Release|Any CPU
		{A8D6EED2-5A71-403C-9D32-7D1A2ABCEAD0}.Debug|Any CPU.ActiveCfg = Debug|Any CPU
		{A8D6EED2-5A71-403C-9D32-7D1A2ABCEAD0}.Debug|Any CPU.Build.0 = Debug|Any CPU
		{A8D6EED2-5A71-403C-9D32-7D1A2ABCEAD0}.Release|Any CPU.ActiveCfg = Release|Any CPU
		{A8D6EED2-5A71-403C-9D32-7D1A2ABCEAD0}.Release|Any CPU.Build.0 = Release|Any CPU
		{735A0638-377B-4BD1-8482-B9434A16A213}.Debug|Any CPU.ActiveCfg = Debug|Any CPU
		{735A0638-377B-4BD1-8482-B9434A16A213}.Debug|Any CPU.Build.0 = Debug|Any CPU
		{735A0638-377B-4BD1-8482-B9434A16A213}.Release|Any CPU.ActiveCfg = Release|Any CPU
		{735A0638-377B-4BD1-8482-B9434A16A213}.Release|Any CPU.Build.0 = Release|Any CPU
		{D4C89618-00E6-4EC4-A279-242F7F6108BD}.Debug|Any CPU.ActiveCfg = Debug|Any CPU
		{D4C89618-00E6-4EC4-A279-242F7F6108BD}.Debug|Any CPU.Build.0 = Debug|Any CPU
		{D4C89618-00E6-4EC4-A279-242F7F6108BD}.Release|Any CPU.ActiveCfg = Release|Any CPU
		{D4C89618-00E6-4EC4-A279-242F7F6108BD}.Release|Any CPU.Build.0 = Release|Any CPU
		{F51E715E-B820-4455-A4BE-363CD810AA55}.Debug|Any CPU.ActiveCfg = Debug|Any CPU
		{F51E715E-B820-4455-A4BE-363CD810AA55}.Debug|Any CPU.Build.0 = Debug|Any CPU
		{F51E715E-B820-4455-A4BE-363CD810AA55}.Release|Any CPU.ActiveCfg = Release|Any CPU
		{F51E715E-B820-4455-A4BE-363CD810AA55}.Release|Any CPU.Build.0 = Release|Any CPU
		{E51E15A3-AE0F-4133-A419-0C2AE33D22AF}.Debug|Any CPU.ActiveCfg = Debug|Any CPU
		{E51E15A3-AE0F-4133-A419-0C2AE33D22AF}.Debug|Any CPU.Build.0 = Debug|Any CPU
		{E51E15A3-AE0F-4133-A419-0C2AE33D22AF}.Release|Any CPU.ActiveCfg = Release|Any CPU
		{E51E15A3-AE0F-4133-A419-0C2AE33D22AF}.Release|Any CPU.Build.0 = Release|Any CPU
		{03530564-D42A-407D-AC04-EBC7140E4197}.Debug|Any CPU.ActiveCfg = Debug|Any CPU
		{03530564-D42A-407D-AC04-EBC7140E4197}.Debug|Any CPU.Build.0 = Debug|Any CPU
		{03530564-D42A-407D-AC04-EBC7140E4197}.Release|Any CPU.ActiveCfg = Release|Any CPU
		{03530564-D42A-407D-AC04-EBC7140E4197}.Release|Any CPU.Build.0 = Release|Any CPU
		{06B457DF-A25F-4C43-8101-7BBB1A0B4767}.Debug|Any CPU.ActiveCfg = Debug|Any CPU
		{06B457DF-A25F-4C43-8101-7BBB1A0B4767}.Debug|Any CPU.Build.0 = Debug|Any CPU
		{06B457DF-A25F-4C43-8101-7BBB1A0B4767}.Release|Any CPU.ActiveCfg = Release|Any CPU
		{06B457DF-A25F-4C43-8101-7BBB1A0B4767}.Release|Any CPU.Build.0 = Release|Any CPU
		{C78A17BD-B3A5-42A0-A53C-3B6B12BDFA12}.Debug|Any CPU.ActiveCfg = Debug|Any CPU
		{C78A17BD-B3A5-42A0-A53C-3B6B12BDFA12}.Debug|Any CPU.Build.0 = Debug|Any CPU
		{C78A17BD-B3A5-42A0-A53C-3B6B12BDFA12}.Release|Any CPU.ActiveCfg = Release|Any CPU
		{C78A17BD-B3A5-42A0-A53C-3B6B12BDFA12}.Release|Any CPU.Build.0 = Release|Any CPU
		{3293F020-5646-48E4-BF98-73AABCC52D36}.Debug|Any CPU.ActiveCfg = Debug|Any CPU
		{3293F020-5646-48E4-BF98-73AABCC52D36}.Debug|Any CPU.Build.0 = Debug|Any CPU
		{3293F020-5646-48E4-BF98-73AABCC52D36}.Release|Any CPU.ActiveCfg = Release|Any CPU
		{3293F020-5646-48E4-BF98-73AABCC52D36}.Release|Any CPU.Build.0 = Release|Any CPU
		{B3DD982A-4658-4B66-835A-AFF2371975FA}.Debug|Any CPU.ActiveCfg = Debug|Any CPU
		{B3DD982A-4658-4B66-835A-AFF2371975FA}.Debug|Any CPU.Build.0 = Debug|Any CPU
		{B3DD982A-4658-4B66-835A-AFF2371975FA}.Release|Any CPU.ActiveCfg = Release|Any CPU
		{B3DD982A-4658-4B66-835A-AFF2371975FA}.Release|Any CPU.Build.0 = Release|Any CPU
		{7015B74B-33E8-4255-9C9F-E52DB987F8A4}.Debug|Any CPU.ActiveCfg = Debug|Any CPU
		{7015B74B-33E8-4255-9C9F-E52DB987F8A4}.Debug|Any CPU.Build.0 = Debug|Any CPU
		{7015B74B-33E8-4255-9C9F-E52DB987F8A4}.Release|Any CPU.ActiveCfg = Release|Any CPU
		{7015B74B-33E8-4255-9C9F-E52DB987F8A4}.Release|Any CPU.Build.0 = Release|Any CPU
		{252EB6AF-4FB9-4688-BF74-BC6712616807}.Debug|Any CPU.ActiveCfg = Debug|Any CPU
		{252EB6AF-4FB9-4688-BF74-BC6712616807}.Debug|Any CPU.Build.0 = Debug|Any CPU
		{252EB6AF-4FB9-4688-BF74-BC6712616807}.Release|Any CPU.ActiveCfg = Release|Any CPU
		{252EB6AF-4FB9-4688-BF74-BC6712616807}.Release|Any CPU.Build.0 = Release|Any CPU
		{03998763-7C9E-46B2-A60E-2F10C6059BCB}.Debug|Any CPU.ActiveCfg = Debug|Any CPU
		{03998763-7C9E-46B2-A60E-2F10C6059BCB}.Debug|Any CPU.Build.0 = Debug|Any CPU
		{03998763-7C9E-46B2-A60E-2F10C6059BCB}.Release|Any CPU.ActiveCfg = Release|Any CPU
		{03998763-7C9E-46B2-A60E-2F10C6059BCB}.Release|Any CPU.Build.0 = Release|Any CPU
		{D9750AB7-CF79-4B03-94C4-5B13E0B722C8}.Debug|Any CPU.ActiveCfg = Debug|Any CPU
		{D9750AB7-CF79-4B03-94C4-5B13E0B722C8}.Debug|Any CPU.Build.0 = Debug|Any CPU
		{D9750AB7-CF79-4B03-94C4-5B13E0B722C8}.Release|Any CPU.ActiveCfg = Release|Any CPU
		{D9750AB7-CF79-4B03-94C4-5B13E0B722C8}.Release|Any CPU.Build.0 = Release|Any CPU
		{42DCB369-E7E4-41FE-A2E8-48BF80C8BC19}.Debug|Any CPU.ActiveCfg = Debug|Any CPU
		{42DCB369-E7E4-41FE-A2E8-48BF80C8BC19}.Debug|Any CPU.Build.0 = Debug|Any CPU
		{42DCB369-E7E4-41FE-A2E8-48BF80C8BC19}.Release|Any CPU.ActiveCfg = Release|Any CPU
		{42DCB369-E7E4-41FE-A2E8-48BF80C8BC19}.Release|Any CPU.Build.0 = Release|Any CPU
		{18739A8C-BAD0-47ED-A2EE-8124B330270D}.Debug|Any CPU.ActiveCfg = Debug|Any CPU
		{18739A8C-BAD0-47ED-A2EE-8124B330270D}.Debug|Any CPU.Build.0 = Debug|Any CPU
		{18739A8C-BAD0-47ED-A2EE-8124B330270D}.Release|Any CPU.ActiveCfg = Release|Any CPU
		{18739A8C-BAD0-47ED-A2EE-8124B330270D}.Release|Any CPU.Build.0 = Release|Any CPU
		{C78F18B2-F0FD-4DDB-97BA-62B75A65810A}.Debug|Any CPU.ActiveCfg = Debug|Any CPU
		{C78F18B2-F0FD-4DDB-97BA-62B75A65810A}.Debug|Any CPU.Build.0 = Debug|Any CPU
		{C78F18B2-F0FD-4DDB-97BA-62B75A65810A}.Release|Any CPU.ActiveCfg = Release|Any CPU
		{C78F18B2-F0FD-4DDB-97BA-62B75A65810A}.Release|Any CPU.Build.0 = Release|Any CPU
		{7573F43E-C251-4D58-9D79-1DF6B788ACB1}.Debug|Any CPU.ActiveCfg = Debug|Any CPU
		{7573F43E-C251-4D58-9D79-1DF6B788ACB1}.Debug|Any CPU.Build.0 = Debug|Any CPU
		{7573F43E-C251-4D58-9D79-1DF6B788ACB1}.Release|Any CPU.ActiveCfg = Release|Any CPU
		{7573F43E-C251-4D58-9D79-1DF6B788ACB1}.Release|Any CPU.Build.0 = Release|Any CPU
		{55EEB777-87B4-4BB8-B6A0-BDE07CC90DD4}.Debug|Any CPU.ActiveCfg = Debug|Any CPU
		{55EEB777-87B4-4BB8-B6A0-BDE07CC90DD4}.Debug|Any CPU.Build.0 = Debug|Any CPU
		{55EEB777-87B4-4BB8-B6A0-BDE07CC90DD4}.Release|Any CPU.ActiveCfg = Release|Any CPU
		{55EEB777-87B4-4BB8-B6A0-BDE07CC90DD4}.Release|Any CPU.Build.0 = Release|Any CPU
		{D45F69FD-B550-4567-8DD9-0F317085074F}.Debug|Any CPU.ActiveCfg = Debug|Any CPU
		{D45F69FD-B550-4567-8DD9-0F317085074F}.Debug|Any CPU.Build.0 = Debug|Any CPU
		{D45F69FD-B550-4567-8DD9-0F317085074F}.Release|Any CPU.ActiveCfg = Release|Any CPU
		{D45F69FD-B550-4567-8DD9-0F317085074F}.Release|Any CPU.Build.0 = Release|Any CPU
		{7A8C8144-39E1-4B41-864B-169A2743153A}.Debug|Any CPU.ActiveCfg = Debug|Any CPU
		{7A8C8144-39E1-4B41-864B-169A2743153A}.Debug|Any CPU.Build.0 = Debug|Any CPU
		{7A8C8144-39E1-4B41-864B-169A2743153A}.Release|Any CPU.ActiveCfg = Release|Any CPU
		{7A8C8144-39E1-4B41-864B-169A2743153A}.Release|Any CPU.Build.0 = Release|Any CPU
		{243D11F5-4365-40AD-9308-875E7C96FFB4}.Debug|Any CPU.ActiveCfg = Debug|Any CPU
		{243D11F5-4365-40AD-9308-875E7C96FFB4}.Debug|Any CPU.Build.0 = Debug|Any CPU
		{243D11F5-4365-40AD-9308-875E7C96FFB4}.Release|Any CPU.ActiveCfg = Release|Any CPU
		{243D11F5-4365-40AD-9308-875E7C96FFB4}.Release|Any CPU.Build.0 = Release|Any CPU
		{D0AE16B8-0FF0-4280-82F2-5DC65352CF4B}.Debug|Any CPU.ActiveCfg = Debug|Any CPU
		{D0AE16B8-0FF0-4280-82F2-5DC65352CF4B}.Debug|Any CPU.Build.0 = Debug|Any CPU
		{D0AE16B8-0FF0-4280-82F2-5DC65352CF4B}.Release|Any CPU.ActiveCfg = Release|Any CPU
		{D0AE16B8-0FF0-4280-82F2-5DC65352CF4B}.Release|Any CPU.Build.0 = Release|Any CPU
		{6DE97504-8A8F-41FB-B157-3CB2C71E5B83}.Debug|Any CPU.ActiveCfg = Debug|Any CPU
		{6DE97504-8A8F-41FB-B157-3CB2C71E5B83}.Debug|Any CPU.Build.0 = Debug|Any CPU
		{6DE97504-8A8F-41FB-B157-3CB2C71E5B83}.Release|Any CPU.ActiveCfg = Release|Any CPU
		{6DE97504-8A8F-41FB-B157-3CB2C71E5B83}.Release|Any CPU.Build.0 = Release|Any CPU
		{B113D65A-D0E1-41AF-9DED-72056880ED0F}.Debug|Any CPU.ActiveCfg = Debug|Any CPU
		{B113D65A-D0E1-41AF-9DED-72056880ED0F}.Debug|Any CPU.Build.0 = Debug|Any CPU
		{B113D65A-D0E1-41AF-9DED-72056880ED0F}.Release|Any CPU.ActiveCfg = Release|Any CPU
		{B113D65A-D0E1-41AF-9DED-72056880ED0F}.Release|Any CPU.Build.0 = Release|Any CPU
		{5CEE33A0-9837-4F25-B8EE-485ED5A940AC}.Debug|Any CPU.ActiveCfg = Debug|Any CPU
		{5CEE33A0-9837-4F25-B8EE-485ED5A940AC}.Debug|Any CPU.Build.0 = Debug|Any CPU
		{5CEE33A0-9837-4F25-B8EE-485ED5A940AC}.Release|Any CPU.ActiveCfg = Release|Any CPU
		{5CEE33A0-9837-4F25-B8EE-485ED5A940AC}.Release|Any CPU.Build.0 = Release|Any CPU
		{08433D5C-5482-4D29-B802-E136D66F2762}.Debug|Any CPU.ActiveCfg = Debug|Any CPU
		{08433D5C-5482-4D29-B802-E136D66F2762}.Debug|Any CPU.Build.0 = Debug|Any CPU
		{08433D5C-5482-4D29-B802-E136D66F2762}.Release|Any CPU.ActiveCfg = Release|Any CPU
		{08433D5C-5482-4D29-B802-E136D66F2762}.Release|Any CPU.Build.0 = Release|Any CPU
		{184D3C31-1D5C-48C4-B003-3720B34F6E88}.Debug|Any CPU.ActiveCfg = Debug|Any CPU
		{184D3C31-1D5C-48C4-B003-3720B34F6E88}.Debug|Any CPU.Build.0 = Debug|Any CPU
		{184D3C31-1D5C-48C4-B003-3720B34F6E88}.Release|Any CPU.ActiveCfg = Release|Any CPU
		{184D3C31-1D5C-48C4-B003-3720B34F6E88}.Release|Any CPU.Build.0 = Release|Any CPU
		{66E10888-30F4-4CEF-B087-B25E4E93F21E}.Debug|Any CPU.ActiveCfg = Debug|Any CPU
		{66E10888-30F4-4CEF-B087-B25E4E93F21E}.Debug|Any CPU.Build.0 = Debug|Any CPU
		{66E10888-30F4-4CEF-B087-B25E4E93F21E}.Release|Any CPU.ActiveCfg = Release|Any CPU
		{66E10888-30F4-4CEF-B087-B25E4E93F21E}.Release|Any CPU.Build.0 = Release|Any CPU
		{A292A57D-AC55-4B2E-987F-F6A6AF78C7A2}.Debug|Any CPU.ActiveCfg = Debug|Any CPU
		{A292A57D-AC55-4B2E-987F-F6A6AF78C7A2}.Debug|Any CPU.Build.0 = Debug|Any CPU
		{A292A57D-AC55-4B2E-987F-F6A6AF78C7A2}.Release|Any CPU.ActiveCfg = Release|Any CPU
		{A292A57D-AC55-4B2E-987F-F6A6AF78C7A2}.Release|Any CPU.Build.0 = Release|Any CPU
		{6476375B-1D33-4E49-BEE8-FA80763C5394}.Debug|Any CPU.ActiveCfg = Debug|Any CPU
		{6476375B-1D33-4E49-BEE8-FA80763C5394}.Debug|Any CPU.Build.0 = Debug|Any CPU
		{6476375B-1D33-4E49-BEE8-FA80763C5394}.Release|Any CPU.ActiveCfg = Release|Any CPU
		{6476375B-1D33-4E49-BEE8-FA80763C5394}.Release|Any CPU.Build.0 = Release|Any CPU
		{1757AF2C-7BE0-494B-B3D9-11EF43A76745}.Debug|Any CPU.ActiveCfg = Debug|Any CPU
		{1757AF2C-7BE0-494B-B3D9-11EF43A76745}.Debug|Any CPU.Build.0 = Debug|Any CPU
		{1757AF2C-7BE0-494B-B3D9-11EF43A76745}.Release|Any CPU.ActiveCfg = Release|Any CPU
		{1757AF2C-7BE0-494B-B3D9-11EF43A76745}.Release|Any CPU.Build.0 = Release|Any CPU
		{8F21E3F4-1631-467A-9AEC-5C326490FC8C}.Debug|Any CPU.ActiveCfg = Debug|Any CPU
		{8F21E3F4-1631-467A-9AEC-5C326490FC8C}.Debug|Any CPU.Build.0 = Debug|Any CPU
		{8F21E3F4-1631-467A-9AEC-5C326490FC8C}.Release|Any CPU.ActiveCfg = Release|Any CPU
		{8F21E3F4-1631-467A-9AEC-5C326490FC8C}.Release|Any CPU.Build.0 = Release|Any CPU
		{695C6F8A-3D13-4CD3-8725-5D7C55D13AA9}.Debug|Any CPU.ActiveCfg = Debug|Any CPU
		{695C6F8A-3D13-4CD3-8725-5D7C55D13AA9}.Debug|Any CPU.Build.0 = Debug|Any CPU
		{695C6F8A-3D13-4CD3-8725-5D7C55D13AA9}.Release|Any CPU.ActiveCfg = Release|Any CPU
		{695C6F8A-3D13-4CD3-8725-5D7C55D13AA9}.Release|Any CPU.Build.0 = Release|Any CPU
		{AFBCDDFF-4B64-453D-9D5C-849CF7C3B3E9}.Debug|Any CPU.ActiveCfg = Debug|Any CPU
		{AFBCDDFF-4B64-453D-9D5C-849CF7C3B3E9}.Debug|Any CPU.Build.0 = Debug|Any CPU
		{AFBCDDFF-4B64-453D-9D5C-849CF7C3B3E9}.Release|Any CPU.ActiveCfg = Release|Any CPU
		{AFBCDDFF-4B64-453D-9D5C-849CF7C3B3E9}.Release|Any CPU.Build.0 = Release|Any CPU
		{377C6DB9-4CB6-4EEB-AE84-CC28D9372E22}.Debug|Any CPU.ActiveCfg = Debug|Any CPU
		{377C6DB9-4CB6-4EEB-AE84-CC28D9372E22}.Debug|Any CPU.Build.0 = Debug|Any CPU
		{377C6DB9-4CB6-4EEB-AE84-CC28D9372E22}.Release|Any CPU.ActiveCfg = Release|Any CPU
		{377C6DB9-4CB6-4EEB-AE84-CC28D9372E22}.Release|Any CPU.Build.0 = Release|Any CPU
		{54DC4DDD-2D6B-4297-B7CD-02008624D6C7}.Debug|Any CPU.ActiveCfg = Debug|Any CPU
		{54DC4DDD-2D6B-4297-B7CD-02008624D6C7}.Debug|Any CPU.Build.0 = Debug|Any CPU
		{54DC4DDD-2D6B-4297-B7CD-02008624D6C7}.Release|Any CPU.ActiveCfg = Release|Any CPU
		{54DC4DDD-2D6B-4297-B7CD-02008624D6C7}.Release|Any CPU.Build.0 = Release|Any CPU
		{A55A35E3-FC8E-485E-B854-87804FFB2940}.Debug|Any CPU.ActiveCfg = Debug|Any CPU
		{A55A35E3-FC8E-485E-B854-87804FFB2940}.Debug|Any CPU.Build.0 = Debug|Any CPU
		{A55A35E3-FC8E-485E-B854-87804FFB2940}.Release|Any CPU.ActiveCfg = Release|Any CPU
		{A55A35E3-FC8E-485E-B854-87804FFB2940}.Release|Any CPU.Build.0 = Release|Any CPU
		{CA9A4D17-674C-4765-8648-2B4550C015D5}.Debug|Any CPU.ActiveCfg = Debug|Any CPU
		{CA9A4D17-674C-4765-8648-2B4550C015D5}.Debug|Any CPU.Build.0 = Debug|Any CPU
		{CA9A4D17-674C-4765-8648-2B4550C015D5}.Release|Any CPU.ActiveCfg = Release|Any CPU
		{CA9A4D17-674C-4765-8648-2B4550C015D5}.Release|Any CPU.Build.0 = Release|Any CPU
		{931BCF3F-C71F-4438-A3CD-71561A0E7650}.Debug|Any CPU.ActiveCfg = Debug|Any CPU
		{931BCF3F-C71F-4438-A3CD-71561A0E7650}.Debug|Any CPU.Build.0 = Debug|Any CPU
		{931BCF3F-C71F-4438-A3CD-71561A0E7650}.Release|Any CPU.ActiveCfg = Release|Any CPU
		{931BCF3F-C71F-4438-A3CD-71561A0E7650}.Release|Any CPU.Build.0 = Release|Any CPU
		{55FDDAB9-CE3E-46A0-A07C-B1CB193C4DDD}.Debug|Any CPU.ActiveCfg = Debug|Any CPU
		{55FDDAB9-CE3E-46A0-A07C-B1CB193C4DDD}.Debug|Any CPU.Build.0 = Debug|Any CPU
		{55FDDAB9-CE3E-46A0-A07C-B1CB193C4DDD}.Release|Any CPU.ActiveCfg = Release|Any CPU
		{55FDDAB9-CE3E-46A0-A07C-B1CB193C4DDD}.Release|Any CPU.Build.0 = Release|Any CPU
		{B9C6A91C-A54C-41D9-85C4-05C2F6407EAC}.Debug|Any CPU.ActiveCfg = Debug|Any CPU
		{B9C6A91C-A54C-41D9-85C4-05C2F6407EAC}.Debug|Any CPU.Build.0 = Debug|Any CPU
		{B9C6A91C-A54C-41D9-85C4-05C2F6407EAC}.Release|Any CPU.ActiveCfg = Release|Any CPU
		{B9C6A91C-A54C-41D9-85C4-05C2F6407EAC}.Release|Any CPU.Build.0 = Release|Any CPU
		{A8EAE126-0668-4E65-936F-56BE6973C0A3}.Debug|Any CPU.ActiveCfg = Debug|Any CPU
		{A8EAE126-0668-4E65-936F-56BE6973C0A3}.Debug|Any CPU.Build.0 = Debug|Any CPU
		{A8EAE126-0668-4E65-936F-56BE6973C0A3}.Release|Any CPU.ActiveCfg = Release|Any CPU
		{A8EAE126-0668-4E65-936F-56BE6973C0A3}.Release|Any CPU.Build.0 = Release|Any CPU
		{E4F35A77-E3FC-47E7-9D18-71732DFA95B3}.Debug|Any CPU.ActiveCfg = Debug|Any CPU
		{E4F35A77-E3FC-47E7-9D18-71732DFA95B3}.Debug|Any CPU.Build.0 = Debug|Any CPU
		{E4F35A77-E3FC-47E7-9D18-71732DFA95B3}.Release|Any CPU.ActiveCfg = Release|Any CPU
		{E4F35A77-E3FC-47E7-9D18-71732DFA95B3}.Release|Any CPU.Build.0 = Release|Any CPU
		{CADBFEA1-B422-4C0E-B4C8-A056C8603DA3}.Debug|Any CPU.ActiveCfg = Debug|Any CPU
		{CADBFEA1-B422-4C0E-B4C8-A056C8603DA3}.Debug|Any CPU.Build.0 = Debug|Any CPU
		{CADBFEA1-B422-4C0E-B4C8-A056C8603DA3}.Release|Any CPU.ActiveCfg = Release|Any CPU
		{CADBFEA1-B422-4C0E-B4C8-A056C8603DA3}.Release|Any CPU.Build.0 = Release|Any CPU
		{428AC7C2-3E47-47CD-AC3F-E01005643409}.Debug|Any CPU.ActiveCfg = Debug|Any CPU
		{428AC7C2-3E47-47CD-AC3F-E01005643409}.Debug|Any CPU.Build.0 = Debug|Any CPU
		{428AC7C2-3E47-47CD-AC3F-E01005643409}.Release|Any CPU.ActiveCfg = Release|Any CPU
		{428AC7C2-3E47-47CD-AC3F-E01005643409}.Release|Any CPU.Build.0 = Release|Any CPU
		{73F59104-2998-40A2-A185-4F4058B4C0F1}.Debug|Any CPU.ActiveCfg = Debug|Any CPU
		{73F59104-2998-40A2-A185-4F4058B4C0F1}.Debug|Any CPU.Build.0 = Debug|Any CPU
		{73F59104-2998-40A2-A185-4F4058B4C0F1}.Release|Any CPU.ActiveCfg = Release|Any CPU
		{73F59104-2998-40A2-A185-4F4058B4C0F1}.Release|Any CPU.Build.0 = Release|Any CPU
		{63055023-2115-48F4-AAC2-E09CF9F8E5EB}.Debug|Any CPU.ActiveCfg = Debug|Any CPU
		{63055023-2115-48F4-AAC2-E09CF9F8E5EB}.Debug|Any CPU.Build.0 = Debug|Any CPU
		{63055023-2115-48F4-AAC2-E09CF9F8E5EB}.Release|Any CPU.ActiveCfg = Release|Any CPU
		{63055023-2115-48F4-AAC2-E09CF9F8E5EB}.Release|Any CPU.Build.0 = Release|Any CPU
		{370458E7-EA8F-4C41-8542-30B1DB7BB72B}.Debug|Any CPU.ActiveCfg = Debug|Any CPU
		{370458E7-EA8F-4C41-8542-30B1DB7BB72B}.Debug|Any CPU.Build.0 = Debug|Any CPU
		{370458E7-EA8F-4C41-8542-30B1DB7BB72B}.Release|Any CPU.ActiveCfg = Release|Any CPU
		{370458E7-EA8F-4C41-8542-30B1DB7BB72B}.Release|Any CPU.Build.0 = Release|Any CPU
		{B754B175-92C3-45BA-8293-60A447AF326B}.Debug|Any CPU.ActiveCfg = Debug|Any CPU
		{B754B175-92C3-45BA-8293-60A447AF326B}.Debug|Any CPU.Build.0 = Debug|Any CPU
		{B754B175-92C3-45BA-8293-60A447AF326B}.Release|Any CPU.ActiveCfg = Release|Any CPU
		{B754B175-92C3-45BA-8293-60A447AF326B}.Release|Any CPU.Build.0 = Release|Any CPU
		{73304E99-D7C4-4954-A9E0-7E1D9A641873}.Debug|Any CPU.ActiveCfg = Debug|Any CPU
		{73304E99-D7C4-4954-A9E0-7E1D9A641873}.Debug|Any CPU.Build.0 = Debug|Any CPU
		{73304E99-D7C4-4954-A9E0-7E1D9A641873}.Release|Any CPU.ActiveCfg = Release|Any CPU
		{73304E99-D7C4-4954-A9E0-7E1D9A641873}.Release|Any CPU.Build.0 = Release|Any CPU
		{6C0753F8-7731-4608-AD4C-A2CF7337EC03}.Debug|Any CPU.ActiveCfg = Debug|Any CPU
		{6C0753F8-7731-4608-AD4C-A2CF7337EC03}.Debug|Any CPU.Build.0 = Debug|Any CPU
		{6C0753F8-7731-4608-AD4C-A2CF7337EC03}.Release|Any CPU.ActiveCfg = Release|Any CPU
		{6C0753F8-7731-4608-AD4C-A2CF7337EC03}.Release|Any CPU.Build.0 = Release|Any CPU
		{82B891D7-23C3-4CA9-AA34-E0AD87CAD931}.Debug|Any CPU.ActiveCfg = Debug|Any CPU
		{82B891D7-23C3-4CA9-AA34-E0AD87CAD931}.Debug|Any CPU.Build.0 = Debug|Any CPU
		{82B891D7-23C3-4CA9-AA34-E0AD87CAD931}.Release|Any CPU.ActiveCfg = Release|Any CPU
		{82B891D7-23C3-4CA9-AA34-E0AD87CAD931}.Release|Any CPU.Build.0 = Release|Any CPU
		{7FDEB687-C539-4033-9E40-271C43825283}.Debug|Any CPU.ActiveCfg = Debug|Any CPU
		{7FDEB687-C539-4033-9E40-271C43825283}.Debug|Any CPU.Build.0 = Debug|Any CPU
		{7FDEB687-C539-4033-9E40-271C43825283}.Release|Any CPU.ActiveCfg = Release|Any CPU
		{7FDEB687-C539-4033-9E40-271C43825283}.Release|Any CPU.Build.0 = Release|Any CPU
		{76FB58A3-92F6-4E74-8420-022B1D94C871}.Debug|Any CPU.ActiveCfg = Debug|Any CPU
		{76FB58A3-92F6-4E74-8420-022B1D94C871}.Debug|Any CPU.Build.0 = Debug|Any CPU
		{76FB58A3-92F6-4E74-8420-022B1D94C871}.Release|Any CPU.ActiveCfg = Release|Any CPU
		{76FB58A3-92F6-4E74-8420-022B1D94C871}.Release|Any CPU.Build.0 = Release|Any CPU
		{89739983-40A4-4D0D-96E3-37EF5BA7AE5A}.Debug|Any CPU.ActiveCfg = Debug|Any CPU
		{89739983-40A4-4D0D-96E3-37EF5BA7AE5A}.Debug|Any CPU.Build.0 = Debug|Any CPU
		{89739983-40A4-4D0D-96E3-37EF5BA7AE5A}.Release|Any CPU.ActiveCfg = Release|Any CPU
		{89739983-40A4-4D0D-96E3-37EF5BA7AE5A}.Release|Any CPU.Build.0 = Release|Any CPU
		{75E2055F-A9DE-47E3-87F2-10AF955FE83D}.Debug|Any CPU.ActiveCfg = Debug|Any CPU
		{75E2055F-A9DE-47E3-87F2-10AF955FE83D}.Debug|Any CPU.Build.0 = Debug|Any CPU
		{75E2055F-A9DE-47E3-87F2-10AF955FE83D}.Release|Any CPU.ActiveCfg = Release|Any CPU
		{75E2055F-A9DE-47E3-87F2-10AF955FE83D}.Release|Any CPU.Build.0 = Release|Any CPU
		{B3B5FF6B-241D-44E1-93DC-1D4F1DC2A4E7}.Debug|Any CPU.ActiveCfg = Debug|Any CPU
		{B3B5FF6B-241D-44E1-93DC-1D4F1DC2A4E7}.Debug|Any CPU.Build.0 = Debug|Any CPU
		{B3B5FF6B-241D-44E1-93DC-1D4F1DC2A4E7}.Release|Any CPU.ActiveCfg = Release|Any CPU
		{B3B5FF6B-241D-44E1-93DC-1D4F1DC2A4E7}.Release|Any CPU.Build.0 = Release|Any CPU
		{921E69DF-977A-4199-BF72-D7A2D91FF6AC}.Debug|Any CPU.ActiveCfg = Debug|Any CPU
		{921E69DF-977A-4199-BF72-D7A2D91FF6AC}.Debug|Any CPU.Build.0 = Debug|Any CPU
		{921E69DF-977A-4199-BF72-D7A2D91FF6AC}.Release|Any CPU.ActiveCfg = Release|Any CPU
		{921E69DF-977A-4199-BF72-D7A2D91FF6AC}.Release|Any CPU.Build.0 = Release|Any CPU
		{EEC9D147-1BE0-4B64-939E-C53B3DAF17BC}.Debug|Any CPU.ActiveCfg = Debug|Any CPU
		{EEC9D147-1BE0-4B64-939E-C53B3DAF17BC}.Debug|Any CPU.Build.0 = Debug|Any CPU
		{EEC9D147-1BE0-4B64-939E-C53B3DAF17BC}.Release|Any CPU.ActiveCfg = Release|Any CPU
		{EEC9D147-1BE0-4B64-939E-C53B3DAF17BC}.Release|Any CPU.Build.0 = Release|Any CPU
		{1FDCCDDC-2414-4C2D-A09A-39D24A644C64}.Debug|Any CPU.ActiveCfg = Debug|Any CPU
		{1FDCCDDC-2414-4C2D-A09A-39D24A644C64}.Debug|Any CPU.Build.0 = Debug|Any CPU
		{1FDCCDDC-2414-4C2D-A09A-39D24A644C64}.Release|Any CPU.ActiveCfg = Release|Any CPU
		{1FDCCDDC-2414-4C2D-A09A-39D24A644C64}.Release|Any CPU.Build.0 = Release|Any CPU
		{8CD99792-1C23-4207-9D67-2866C9FC9DD4}.Debug|Any CPU.ActiveCfg = Debug|Any CPU
		{8CD99792-1C23-4207-9D67-2866C9FC9DD4}.Debug|Any CPU.Build.0 = Debug|Any CPU
		{8CD99792-1C23-4207-9D67-2866C9FC9DD4}.Release|Any CPU.ActiveCfg = Release|Any CPU
		{8CD99792-1C23-4207-9D67-2866C9FC9DD4}.Release|Any CPU.Build.0 = Release|Any CPU
		{C80D21A1-5B36-49E3-8610-BBEB452D522D}.Debug|Any CPU.ActiveCfg = Debug|Any CPU
		{C80D21A1-5B36-49E3-8610-BBEB452D522D}.Debug|Any CPU.Build.0 = Debug|Any CPU
		{C80D21A1-5B36-49E3-8610-BBEB452D522D}.Release|Any CPU.ActiveCfg = Release|Any CPU
		{C80D21A1-5B36-49E3-8610-BBEB452D522D}.Release|Any CPU.Build.0 = Release|Any CPU
		{021666C8-EE89-4AE0-8268-34DE8CB41953}.Debug|Any CPU.ActiveCfg = Debug|Any CPU
		{021666C8-EE89-4AE0-8268-34DE8CB41953}.Debug|Any CPU.Build.0 = Debug|Any CPU
		{021666C8-EE89-4AE0-8268-34DE8CB41953}.Release|Any CPU.ActiveCfg = Release|Any CPU
		{021666C8-EE89-4AE0-8268-34DE8CB41953}.Release|Any CPU.Build.0 = Release|Any CPU
		{A774EBCA-5232-435B-86E8-8FACEF0606D9}.Debug|Any CPU.ActiveCfg = Debug|Any CPU
		{A774EBCA-5232-435B-86E8-8FACEF0606D9}.Debug|Any CPU.Build.0 = Debug|Any CPU
		{A774EBCA-5232-435B-86E8-8FACEF0606D9}.Release|Any CPU.ActiveCfg = Release|Any CPU
		{A774EBCA-5232-435B-86E8-8FACEF0606D9}.Release|Any CPU.Build.0 = Release|Any CPU
		{69685E22-C8CE-4496-9FA7-0DC85F20F86D}.Debug|Any CPU.ActiveCfg = Debug|Any CPU
		{69685E22-C8CE-4496-9FA7-0DC85F20F86D}.Debug|Any CPU.Build.0 = Debug|Any CPU
		{69685E22-C8CE-4496-9FA7-0DC85F20F86D}.Release|Any CPU.ActiveCfg = Release|Any CPU
		{69685E22-C8CE-4496-9FA7-0DC85F20F86D}.Release|Any CPU.Build.0 = Release|Any CPU
		{4BDFADD6-A711-42C5-8E1D-1C677733735B}.Debug|Any CPU.ActiveCfg = Debug|Any CPU
		{4BDFADD6-A711-42C5-8E1D-1C677733735B}.Debug|Any CPU.Build.0 = Debug|Any CPU
		{4BDFADD6-A711-42C5-8E1D-1C677733735B}.Release|Any CPU.ActiveCfg = Release|Any CPU
		{4BDFADD6-A711-42C5-8E1D-1C677733735B}.Release|Any CPU.Build.0 = Release|Any CPU
		{B0F4265A-9FD9-417D-96BE-076A9DF42262}.Debug|Any CPU.ActiveCfg = Debug|Any CPU
		{B0F4265A-9FD9-417D-96BE-076A9DF42262}.Debug|Any CPU.Build.0 = Debug|Any CPU
		{B0F4265A-9FD9-417D-96BE-076A9DF42262}.Release|Any CPU.ActiveCfg = Release|Any CPU
		{B0F4265A-9FD9-417D-96BE-076A9DF42262}.Release|Any CPU.Build.0 = Release|Any CPU
		{66BAD957-0303-4407-97CB-9800F8F8B1AE}.Debug|Any CPU.ActiveCfg = Debug|Any CPU
		{66BAD957-0303-4407-97CB-9800F8F8B1AE}.Debug|Any CPU.Build.0 = Debug|Any CPU
		{66BAD957-0303-4407-97CB-9800F8F8B1AE}.Release|Any CPU.ActiveCfg = Release|Any CPU
		{66BAD957-0303-4407-97CB-9800F8F8B1AE}.Release|Any CPU.Build.0 = Release|Any CPU
		{D2DBA734-BDCF-4ED0-9D35-6ED90936CF08}.Debug|Any CPU.ActiveCfg = Debug|Any CPU
		{D2DBA734-BDCF-4ED0-9D35-6ED90936CF08}.Debug|Any CPU.Build.0 = Debug|Any CPU
		{D2DBA734-BDCF-4ED0-9D35-6ED90936CF08}.Release|Any CPU.ActiveCfg = Release|Any CPU
		{D2DBA734-BDCF-4ED0-9D35-6ED90936CF08}.Release|Any CPU.Build.0 = Release|Any CPU
		{7A1FE87A-0E51-4D71-8992-BFA9209164CB}.Debug|Any CPU.ActiveCfg = Debug|Any CPU
		{7A1FE87A-0E51-4D71-8992-BFA9209164CB}.Debug|Any CPU.Build.0 = Debug|Any CPU
		{7A1FE87A-0E51-4D71-8992-BFA9209164CB}.Release|Any CPU.ActiveCfg = Release|Any CPU
		{7A1FE87A-0E51-4D71-8992-BFA9209164CB}.Release|Any CPU.Build.0 = Release|Any CPU
	EndGlobalSection
	GlobalSection(SolutionProperties) = preSolution
		HideSolutionNode = FALSE
	EndGlobalSection
	GlobalSection(ExtensibilityGlobals) = postSolution
		SolutionGuid = {1C811CEC-70B9-4482-81FC-A63832FA4F37}
	EndGlobalSection
	GlobalSection(NestedProjects) = preSolution
		{D2DBA734-BDCF-4ED0-9D35-6ED90936CF08} = {4E6E3587-BCB9-44D1-8ACE-9C53BA454D49}
		{66BAD957-0303-4407-97CB-9800F8F8B1AE} = {4E6E3587-BCB9-44D1-8ACE-9C53BA454D49}
		{B0F4265A-9FD9-417D-96BE-076A9DF42262} = {4E6E3587-BCB9-44D1-8ACE-9C53BA454D49}
		{4BDFADD6-A711-42C5-8E1D-1C677733735B} = {4E6E3587-BCB9-44D1-8ACE-9C53BA454D49}
		{69685E22-C8CE-4496-9FA7-0DC85F20F86D} = {4E6E3587-BCB9-44D1-8ACE-9C53BA454D49}
		{A774EBCA-5232-435B-86E8-8FACEF0606D9} = {4E6E3587-BCB9-44D1-8ACE-9C53BA454D49}
		{021666C8-EE89-4AE0-8268-34DE8CB41953} = {4E6E3587-BCB9-44D1-8ACE-9C53BA454D49}
		{C80D21A1-5B36-49E3-8610-BBEB452D522D} = {4E6E3587-BCB9-44D1-8ACE-9C53BA454D49}
		{8CD99792-1C23-4207-9D67-2866C9FC9DD4} = {4E6E3587-BCB9-44D1-8ACE-9C53BA454D49}
		{1FDCCDDC-2414-4C2D-A09A-39D24A644C64} = {E44A134C-12DF-49DD-89EA-1F48475FCBF1}
		{EEC9D147-1BE0-4B64-939E-C53B3DAF17BC} = {E44A134C-12DF-49DD-89EA-1F48475FCBF1}
		{921E69DF-977A-4199-BF72-D7A2D91FF6AC} = {E44A134C-12DF-49DD-89EA-1F48475FCBF1}
		{B3B5FF6B-241D-44E1-93DC-1D4F1DC2A4E7} = {E44A134C-12DF-49DD-89EA-1F48475FCBF1}
		{75E2055F-A9DE-47E3-87F2-10AF955FE83D} = {E44A134C-12DF-49DD-89EA-1F48475FCBF1}
		{89739983-40A4-4D0D-96E3-37EF5BA7AE5A} = {E44A134C-12DF-49DD-89EA-1F48475FCBF1}
		{76FB58A3-92F6-4E74-8420-022B1D94C871} = {E44A134C-12DF-49DD-89EA-1F48475FCBF1}
		{7FDEB687-C539-4033-9E40-271C43825283} = {E44A134C-12DF-49DD-89EA-1F48475FCBF1}
		{82B891D7-23C3-4CA9-AA34-E0AD87CAD931} = {E44A134C-12DF-49DD-89EA-1F48475FCBF1}
		{06B457DF-A25F-4C43-8101-7BBB1A0B4767} = {E44A134C-12DF-49DD-89EA-1F48475FCBF1}
		{6C0753F8-7731-4608-AD4C-A2CF7337EC03} = {E44A134C-12DF-49DD-89EA-1F48475FCBF1}
		{73304E99-D7C4-4954-A9E0-7E1D9A641873} = {E44A134C-12DF-49DD-89EA-1F48475FCBF1}
		{B754B175-92C3-45BA-8293-60A447AF326B} = {E44A134C-12DF-49DD-89EA-1F48475FCBF1}
		{370458E7-EA8F-4C41-8542-30B1DB7BB72B} = {F0D6385B-092C-4491-AEF8-5F5A229AB82B}
		{63055023-2115-48F4-AAC2-E09CF9F8E5EB} = {F0D6385B-092C-4491-AEF8-5F5A229AB82B}
		{73F59104-2998-40A2-A185-4F4058B4C0F1} = {F0D6385B-092C-4491-AEF8-5F5A229AB82B}
		{428AC7C2-3E47-47CD-AC3F-E01005643409} = {F0D6385B-092C-4491-AEF8-5F5A229AB82B}
		{931BCF3F-C71F-4438-A3CD-71561A0E7650} = {B10EFDCF-8796-43F3-AC24-7A6A38E3C66D}
		{CA9A4D17-674C-4765-8648-2B4550C015D5} = {B10EFDCF-8796-43F3-AC24-7A6A38E3C66D}
		{A55A35E3-FC8E-485E-B854-87804FFB2940} = {B10EFDCF-8796-43F3-AC24-7A6A38E3C66D}
		{54DC4DDD-2D6B-4297-B7CD-02008624D6C7} = {B10EFDCF-8796-43F3-AC24-7A6A38E3C66D}
		{377C6DB9-4CB6-4EEB-AE84-CC28D9372E22} = {B10EFDCF-8796-43F3-AC24-7A6A38E3C66D}
		{AFBCDDFF-4B64-453D-9D5C-849CF7C3B3E9} = {B10EFDCF-8796-43F3-AC24-7A6A38E3C66D}
		{695C6F8A-3D13-4CD3-8725-5D7C55D13AA9} = {B10EFDCF-8796-43F3-AC24-7A6A38E3C66D}
		{CADBFEA1-B422-4C0E-B4C8-A056C8603DA3} = {B10EFDCF-8796-43F3-AC24-7A6A38E3C66D}
		{E4F35A77-E3FC-47E7-9D18-71732DFA95B3} = {B10EFDCF-8796-43F3-AC24-7A6A38E3C66D}
		{A8EAE126-0668-4E65-936F-56BE6973C0A3} = {B10EFDCF-8796-43F3-AC24-7A6A38E3C66D}
		{B9C6A91C-A54C-41D9-85C4-05C2F6407EAC} = {B10EFDCF-8796-43F3-AC24-7A6A38E3C66D}
		{55FDDAB9-CE3E-46A0-A07C-B1CB193C4DDD} = {B10EFDCF-8796-43F3-AC24-7A6A38E3C66D}
		{8F21E3F4-1631-467A-9AEC-5C326490FC8C} = {B10EFDCF-8796-43F3-AC24-7A6A38E3C66D}
		{1757AF2C-7BE0-494B-B3D9-11EF43A76745} = {5178AAE3-099D-4981-9C7D-7B6017A33ADD}
		{6476375B-1D33-4E49-BEE8-FA80763C5394} = {5178AAE3-099D-4981-9C7D-7B6017A33ADD}
		{A292A57D-AC55-4B2E-987F-F6A6AF78C7A2} = {5178AAE3-099D-4981-9C7D-7B6017A33ADD}
		{66E10888-30F4-4CEF-B087-B25E4E93F21E} = {5178AAE3-099D-4981-9C7D-7B6017A33ADD}
		{184D3C31-1D5C-48C4-B003-3720B34F6E88} = {5178AAE3-099D-4981-9C7D-7B6017A33ADD}
		{08433D5C-5482-4D29-B802-E136D66F2762} = {5178AAE3-099D-4981-9C7D-7B6017A33ADD}
		{5CEE33A0-9837-4F25-B8EE-485ED5A940AC} = {5178AAE3-099D-4981-9C7D-7B6017A33ADD}
		{B113D65A-D0E1-41AF-9DED-72056880ED0F} = {5178AAE3-099D-4981-9C7D-7B6017A33ADD}
		{6DE97504-8A8F-41FB-B157-3CB2C71E5B83} = {5178AAE3-099D-4981-9C7D-7B6017A33ADD}
		{D0AE16B8-0FF0-4280-82F2-5DC65352CF4B} = {5178AAE3-099D-4981-9C7D-7B6017A33ADD}
		{243D11F5-4365-40AD-9308-875E7C96FFB4} = {C837314F-28E2-4CBD-91F4-30FE975217FC}
		{7A8C8144-39E1-4B41-864B-169A2743153A} = {C837314F-28E2-4CBD-91F4-30FE975217FC}
		{D45F69FD-B550-4567-8DD9-0F317085074F} = {C837314F-28E2-4CBD-91F4-30FE975217FC}
		{55EEB777-87B4-4BB8-B6A0-BDE07CC90DD4} = {C837314F-28E2-4CBD-91F4-30FE975217FC}
		{7573F43E-C251-4D58-9D79-1DF6B788ACB1} = {C837314F-28E2-4CBD-91F4-30FE975217FC}
		{C78F18B2-F0FD-4DDB-97BA-62B75A65810A} = {C837314F-28E2-4CBD-91F4-30FE975217FC}
		{18739A8C-BAD0-47ED-A2EE-8124B330270D} = {C837314F-28E2-4CBD-91F4-30FE975217FC}
		{42DCB369-E7E4-41FE-A2E8-48BF80C8BC19} = {C837314F-28E2-4CBD-91F4-30FE975217FC}
		{D9750AB7-CF79-4B03-94C4-5B13E0B722C8} = {C837314F-28E2-4CBD-91F4-30FE975217FC}
		{03998763-7C9E-46B2-A60E-2F10C6059BCB} = {C837314F-28E2-4CBD-91F4-30FE975217FC}
		{252EB6AF-4FB9-4688-BF74-BC6712616807} = {C837314F-28E2-4CBD-91F4-30FE975217FC}
		{7015B74B-33E8-4255-9C9F-E52DB987F8A4} = {C837314F-28E2-4CBD-91F4-30FE975217FC}
		{B3DD982A-4658-4B66-835A-AFF2371975FA} = {C837314F-28E2-4CBD-91F4-30FE975217FC}
		{3293F020-5646-48E4-BF98-73AABCC52D36} = {C837314F-28E2-4CBD-91F4-30FE975217FC}
		{C78A17BD-B3A5-42A0-A53C-3B6B12BDFA12} = {C837314F-28E2-4CBD-91F4-30FE975217FC}
		{E51E15A3-AE0F-4133-A419-0C2AE33D22AF} = {EAD079E0-8B6D-4BF4-B374-3177366427A7}
		{F51E715E-B820-4455-A4BE-363CD810AA55} = {EAD079E0-8B6D-4BF4-B374-3177366427A7}
		{D4C89618-00E6-4EC4-A279-242F7F6108BD} = {EAD079E0-8B6D-4BF4-B374-3177366427A7}
		{735A0638-377B-4BD1-8482-B9434A16A213} = {EAD079E0-8B6D-4BF4-B374-3177366427A7}
		{03530564-D42A-407D-AC04-EBC7140E4197} = {EAD079E0-8B6D-4BF4-B374-3177366427A7}
		{A8D6EED2-5A71-403C-9D32-7D1A2ABCEAD0} = {EAD079E0-8B6D-4BF4-B374-3177366427A7}
		{2BC9174D-1611-40D0-B6F5-0A11F72DA39D} = {EAD079E0-8B6D-4BF4-B374-3177366427A7}
		{21F39886-6000-47DB-AFEB-0A5A2B3443F8} = {EAD079E0-8B6D-4BF4-B374-3177366427A7}
		{1D4421B9-B1E7-4920-8641-DBC3633BD55D} = {EAD079E0-8B6D-4BF4-B374-3177366427A7}
		{10A3EF8B-ADFD-431E-926E-CF9D4D5228A9} = {EAD079E0-8B6D-4BF4-B374-3177366427A7}
		{F04EFE38-A1EA-4264-AA43-6AA87F4EAABD} = {EAD079E0-8B6D-4BF4-B374-3177366427A7}
		{F0A20290-76D2-4EEB-86D4-4CF888828FBF} = {EAD079E0-8B6D-4BF4-B374-3177366427A7}
		{5D9AC78D-6284-45CE-BE20-8D79B8C38D1B} = {EAD079E0-8B6D-4BF4-B374-3177366427A7}
	EndGlobalSection
EndGlobal
